// !$*UTF8*$!
{
	archiveVersion = 1;
	classes = {
	};
	objectVersion = 77;
	objects = {

/* Begin PBXContainerItemProxy section */
		330EBF432ED37CAB00648B22 /* PBXContainerItemProxy */ = {
			isa = PBXContainerItemProxy;
			containerPortal = 330EBF2D2ED37CA800648B22 /* Project object */;
			proxyType = 1;
			remoteGlobalIDString = 330EBF342ED37CA800648B22;
			remoteInfo = ClastPlanetsTesting;
		};
		330EBF4D2ED37CAB00648B22 /* PBXContainerItemProxy */ = {
			isa = PBXContainerItemProxy;
			containerPortal = 330EBF2D2ED37CA800648B22 /* Project object */;
			proxyType = 1;
			remoteGlobalIDString = 330EBF342ED37CA800648B22;
			remoteInfo = ClastPlanetsTesting;
		};
/* End PBXContainerItemProxy section */

/* Begin PBXFileReference section */
		330EBF352ED37CA800648B22 /* ClastPlanetsTesting.app */ = {isa = PBXFileReference; explicitFileType = wrapper.application; includeInIndex = 0; path = ClastPlanetsTesting.app; sourceTree = BUILT_PRODUCTS_DIR; };
		330EBF422ED37CAB00648B22 /* ClastPlanetsTestingTests.xctest */ = {isa = PBXFileReference; explicitFileType = wrapper.cfbundle; includeInIndex = 0; path = ClastPlanetsTestingTests.xctest; sourceTree = BUILT_PRODUCTS_DIR; };
		330EBF4C2ED37CAB00648B22 /* ClastPlanetsTestingUITests.xctest */ = {isa = PBXFileReference; explicitFileType = wrapper.cfbundle; includeInIndex = 0; path = ClastPlanetsTestingUITests.xctest; sourceTree = BUILT_PRODUCTS_DIR; };
/* End PBXFileReference section */

/* Begin PBXFileSystemSynchronizedRootGroup section */
		330EBF372ED37CA800648B22 /* ClastPlanetsTesting */ = {
			isa = PBXFileSystemSynchronizedRootGroup;
			path = ClastPlanetsTesting;
			sourceTree = "<group>";
		};
		330EBF452ED37CAB00648B22 /* ClastPlanetsTestingTests */ = {
			isa = PBXFileSystemSynchronizedRootGroup;
			path = ClastPlanetsTestingTests;
			sourceTree = "<group>";
		};
		330EBF4F2ED37CAB00648B22 /* ClastPlanetsTestingUITests */ = {
			isa = PBXFileSystemSynchronizedRootGroup;
			path = ClastPlanetsTestingUITests;
			sourceTree = "<group>";
		};
/* End PBXFileSystemSynchronizedRootGroup section */

/* Begin PBXFrameworksBuildPhase section */
		330EBF322ED37CA800648B22 /* Frameworks */ = {
			isa = PBXFrameworksBuildPhase;
			buildActionMask = 2147483647;
			files = (
			);
			runOnlyForDeploymentPostprocessing = 0;
		};
		330EBF3F2ED37CAB00648B22 /* Frameworks */ = {
			isa = PBXFrameworksBuildPhase;
			buildActionMask = 2147483647;
			files = (
			);
			runOnlyForDeploymentPostprocessing = 0;
		};
		330EBF492ED37CAB00648B22 /* Frameworks */ = {
			isa = PBXFrameworksBuildPhase;
			buildActionMask = 2147483647;
			files = (
			);
			runOnlyForDeploymentPostprocessing = 0;
		};
/* End PBXFrameworksBuildPhase section */

/* Begin PBXGroup section */
		330EBF2C2ED37CA800648B22 = {
			isa = PBXGroup;
			children = (
				330EBF372ED37CA800648B22 /* ClastPlanetsTesting */,
				330EBF452ED37CAB00648B22 /* ClastPlanetsTestingTests */,
				330EBF4F2ED37CAB00648B22 /* ClastPlanetsTestingUITests */,
				330EBF362ED37CA800648B22 /* Products */,
			);
			sourceTree = "<group>";
		};
		330EBF362ED37CA800648B22 /* Products */ = {
			isa = PBXGroup;
			children = (
				330EBF352ED37CA800648B22 /* ClastPlanetsTesting.app */,
				330EBF422ED37CAB00648B22 /* ClastPlanetsTestingTests.xctest */,
				330EBF4C2ED37CAB00648B22 /* ClastPlanetsTestingUITests.xctest */,
			);
			name = Products;
			sourceTree = "<group>";
		};
/* End PBXGroup section */

/* Begin PBXNativeTarget section */
		330EBF342ED37CA800648B22 /* ClastPlanetsTesting */ = {
			isa = PBXNativeTarget;
			buildConfigurationList = 330EBF562ED37CAB00648B22 /* Build configuration list for PBXNativeTarget "ClastPlanetsTesting" */;
			buildPhases = (
				330EBF312ED37CA800648B22 /* Sources */,
				330EBF322ED37CA800648B22 /* Frameworks */,
				330EBF332ED37CA800648B22 /* Resources */,
			);
			buildRules = (
			);
			dependencies = (
			);
			fileSystemSynchronizedGroups = (
				330EBF372ED37CA800648B22 /* ClastPlanetsTesting */,
			);
			name = ClastPlanetsTesting;
			packageProductDependencies = (
			);
			productName = ClastPlanetsTesting;
			productReference = 330EBF352ED37CA800648B22 /* ClastPlanetsTesting.app */;
			productType = "com.apple.product-type.application";
		};
		330EBF412ED37CAB00648B22 /* ClastPlanetsTestingTests */ = {
			isa = PBXNativeTarget;
			buildConfigurationList = 330EBF592ED37CAB00648B22 /* Build configuration list for PBXNativeTarget "ClastPlanetsTestingTests" */;
			buildPhases = (
				330EBF3E2ED37CAB00648B22 /* Sources */,
				330EBF3F2ED37CAB00648B22 /* Frameworks */,
				330EBF402ED37CAB00648B22 /* Resources */,
			);
			buildRules = (
			);
			dependencies = (
				330EBF442ED37CAB00648B22 /* PBXTargetDependency */,
			);
			fileSystemSynchronizedGroups = (
				330EBF452ED37CAB00648B22 /* ClastPlanetsTestingTests */,
			);
			name = ClastPlanetsTestingTests;
			packageProductDependencies = (
			);
			productName = ClastPlanetsTestingTests;
			productReference = 330EBF422ED37CAB00648B22 /* ClastPlanetsTestingTests.xctest */;
			productType = "com.apple.product-type.bundle.unit-test";
		};
		330EBF4B2ED37CAB00648B22 /* ClastPlanetsTestingUITests */ = {
			isa = PBXNativeTarget;
			buildConfigurationList = 330EBF5C2ED37CAB00648B22 /* Build configuration list for PBXNativeTarget "ClastPlanetsTestingUITests" */;
			buildPhases = (
				330EBF482ED37CAB00648B22 /* Sources */,
				330EBF492ED37CAB00648B22 /* Frameworks */,
				330EBF4A2ED37CAB00648B22 /* Resources */,
			);
			buildRules = (
			);
			dependencies = (
				330EBF4E2ED37CAB00648B22 /* PBXTargetDependency */,
			);
			fileSystemSynchronizedGroups = (
				330EBF4F2ED37CAB00648B22 /* ClastPlanetsTestingUITests */,
			);
			name = ClastPlanetsTestingUITests;
			packageProductDependencies = (
			);
			productName = ClastPlanetsTestingUITests;
			productReference = 330EBF4C2ED37CAB00648B22 /* ClastPlanetsTestingUITests.xctest */;
			productType = "com.apple.product-type.bundle.ui-testing";
		};
/* End PBXNativeTarget section */

/* Begin PBXProject section */
		330EBF2D2ED37CA800648B22 /* Project object */ = {
			isa = PBXProject;
			attributes = {
				BuildIndependentTargetsInParallel = 1;
				LastSwiftUpdateCheck = 2610;
				LastUpgradeCheck = 2610;
				TargetAttributes = {
					330EBF342ED37CA800648B22 = {
						CreatedOnToolsVersion = 26.1.1;
					};
					330EBF412ED37CAB00648B22 = {
						CreatedOnToolsVersion = 26.1.1;
						TestTargetID = 330EBF342ED37CA800648B22;
					};
					330EBF4B2ED37CAB00648B22 = {
						CreatedOnToolsVersion = 26.1.1;
						TestTargetID = 330EBF342ED37CA800648B22;
					};
				};
			};
			buildConfigurationList = 330EBF302ED37CA800648B22 /* Build configuration list for PBXProject "ClastPlanetsTesting" */;
			developmentRegion = en;
			hasScannedForEncodings = 0;
			knownRegions = (
				en,
				Base,
			);
			mainGroup = 330EBF2C2ED37CA800648B22;
			minimizedProjectReferenceProxies = 1;
			preferredProjectObjectVersion = 77;
			productRefGroup = 330EBF362ED37CA800648B22 /* Products */;
			projectDirPath = "";
			projectRoot = "";
			targets = (
				330EBF342ED37CA800648B22 /* ClastPlanetsTesting */,
				330EBF412ED37CAB00648B22 /* ClastPlanetsTestingTests */,
				330EBF4B2ED37CAB00648B22 /* ClastPlanetsTestingUITests */,
			);
		};
/* End PBXProject section */

/* Begin PBXResourcesBuildPhase section */
		330EBF332ED37CA800648B22 /* Resources */ = {
			isa = PBXResourcesBuildPhase;
			buildActionMask = 2147483647;
			files = (
			);
			runOnlyForDeploymentPostprocessing = 0;
		};
		330EBF402ED37CAB00648B22 /* Resources */ = {
			isa = PBXResourcesBuildPhase;
			buildActionMask = 2147483647;
			files = (
			);
			runOnlyForDeploymentPostprocessing = 0;
		};
		330EBF4A2ED37CAB00648B22 /* Resources */ = {
			isa = PBXResourcesBuildPhase;
			buildActionMask = 2147483647;
			files = (
			);
			runOnlyForDeploymentPostprocessing = 0;
		};
/* End PBXResourcesBuildPhase section */

/* Begin PBXSourcesBuildPhase section */
		330EBF312ED37CA800648B22 /* Sources */ = {
			isa = PBXSourcesBuildPhase;
			buildActionMask = 2147483647;
			files = (
			);
			runOnlyForDeploymentPostprocessing = 0;
		};
		330EBF3E2ED37CAB00648B22 /* Sources */ = {
			isa = PBXSourcesBuildPhase;
			buildActionMask = 2147483647;
			files = (
			);
			runOnlyForDeploymentPostprocessing = 0;
		};
		330EBF482ED37CAB00648B22 /* Sources */ = {
			isa = PBXSourcesBuildPhase;
			buildActionMask = 2147483647;
			files = (
			);
			runOnlyForDeploymentPostprocessing = 0;
		};
/* End PBXSourcesBuildPhase section */

/* Begin PBXTargetDependency section */
		330EBF442ED37CAB00648B22 /* PBXTargetDependency */ = {
			isa = PBXTargetDependency;
			target = 330EBF342ED37CA800648B22 /* ClastPlanetsTesting */;
			targetProxy = 330EBF432ED37CAB00648B22 /* PBXContainerItemProxy */;
		};
		330EBF4E2ED37CAB00648B22 /* PBXTargetDependency */ = {
			isa = PBXTargetDependency;
			target = 330EBF342ED37CA800648B22 /* ClastPlanetsTesting */;
			targetProxy = 330EBF4D2ED37CAB00648B22 /* PBXContainerItemProxy */;
		};
/* End PBXTargetDependency section */

/* Begin XCBuildConfiguration section */
		330EBF542ED37CAB00648B22 /* Debug */ = {
			isa = XCBuildConfiguration;
			buildSettings = {
				ALWAYS_SEARCH_USER_PATHS = NO;
				ASSETCATALOG_COMPILER_GENERATE_SWIFT_ASSET_SYMBOL_EXTENSIONS = YES;
				CLANG_ANALYZER_NONNULL = YES;
				CLANG_ANALYZER_NUMBER_OBJECT_CONVERSION = YES_AGGRESSIVE;
				CLANG_CXX_LANGUAGE_STANDARD = "gnu++20";
				CLANG_ENABLE_MODULES = YES;
				CLANG_ENABLE_OBJC_ARC = YES;
				CLANG_ENABLE_OBJC_WEAK = YES;
				CLANG_WARN_BLOCK_CAPTURE_AUTORELEASING = YES;
				CLANG_WARN_BOOL_CONVERSION = YES;
				CLANG_WARN_COMMA = YES;
				CLANG_WARN_CONSTANT_CONVERSION = YES;
				CLANG_WARN_DEPRECATED_OBJC_IMPLEMENTATIONS = YES;
				CLANG_WARN_DIRECT_OBJC_ISA_USAGE = YES_ERROR;
				CLANG_WARN_DOCUMENTATION_COMMENTS = YES;
				CLANG_WARN_EMPTY_BODY = YES;
				CLANG_WARN_ENUM_CONVERSION = YES;
				CLANG_WARN_INFINITE_RECURSION = YES;
				CLANG_WARN_INT_CONVERSION = YES;
				CLANG_WARN_NON_LITERAL_NULL_CONVERSION = YES;
				CLANG_WARN_OBJC_IMPLICIT_RETAIN_SELF = YES;
				CLANG_WARN_OBJC_LITERAL_CONVERSION = YES;
				CLANG_WARN_OBJC_ROOT_CLASS = YES_ERROR;
				CLANG_WARN_QUOTED_INCLUDE_IN_FRAMEWORK_HEADER = YES;
				CLANG_WARN_RANGE_LOOP_ANALYSIS = YES;
				CLANG_WARN_STRICT_PROTOTYPES = YES;
				CLANG_WARN_SUSPICIOUS_MOVE = YES;
				CLANG_WARN_UNGUARDED_AVAILABILITY = YES_AGGRESSIVE;
				CLANG_WARN_UNREACHABLE_CODE = YES;
				CLANG_WARN__DUPLICATE_METHOD_MATCH = YES;
				COPY_PHASE_STRIP = NO;
				DEBUG_INFORMATION_FORMAT = dwarf;
				DEVELOPMENT_TEAM = Z87CXCTTK6;
				ENABLE_STRICT_OBJC_MSGSEND = YES;
				ENABLE_TESTABILITY = YES;
				ENABLE_USER_SCRIPT_SANDBOXING = YES;
				GCC_C_LANGUAGE_STANDARD = gnu17;
				GCC_DYNAMIC_NO_PIC = NO;
				GCC_NO_COMMON_BLOCKS = YES;
				GCC_OPTIMIZATION_LEVEL = 0;
				GCC_PREPROCESSOR_DEFINITIONS = (
					"DEBUG=1",
					"$(inherited)",
				);
				GCC_WARN_64_TO_32_BIT_CONVERSION = YES;
				GCC_WARN_ABOUT_RETURN_TYPE = YES_ERROR;
				GCC_WARN_UNDECLARED_SELECTOR = YES;
				GCC_WARN_UNINITIALIZED_AUTOS = YES_AGGRESSIVE;
				GCC_WARN_UNUSED_FUNCTION = YES;
				GCC_WARN_UNUSED_VARIABLE = YES;
				IPHONEOS_DEPLOYMENT_TARGET = 26.1;
				LOCALIZATION_PREFERS_STRING_CATALOGS = YES;
				MTL_ENABLE_DEBUG_INFO = INCLUDE_SOURCE;
				MTL_FAST_MATH = YES;
				ONLY_ACTIVE_ARCH = YES;
				SDKROOT = iphoneos;
				SWIFT_ACTIVE_COMPILATION_CONDITIONS = "DEBUG $(inherited)";
				SWIFT_OPTIMIZATION_LEVEL = "-Onone";
			};
			name = Debug;
		};
		330EBF552ED37CAB00648B22 /* Release */ = {
			isa = XCBuildConfiguration;
			buildSettings = {
				ALWAYS_SEARCH_USER_PATHS = NO;
				ASSETCATALOG_COMPILER_GENERATE_SWIFT_ASSET_SYMBOL_EXTENSIONS = YES;
				CLANG_ANALYZER_NONNULL = YES;
				CLANG_ANALYZER_NUMBER_OBJECT_CONVERSION = YES_AGGRESSIVE;
				CLANG_CXX_LANGUAGE_STANDARD = "gnu++20";
				CLANG_ENABLE_MODULES = YES;
				CLANG_ENABLE_OBJC_ARC = YES;
				CLANG_ENABLE_OBJC_WEAK = YES;
				CLANG_WARN_BLOCK_CAPTURE_AUTORELEASING = YES;
				CLANG_WARN_BOOL_CONVERSION = YES;
				CLANG_WARN_COMMA = YES;
				CLANG_WARN_CONSTANT_CONVERSION = YES;
				CLANG_WARN_DEPRECATED_OBJC_IMPLEMENTATIONS = YES;
				CLANG_WARN_DIRECT_OBJC_ISA_USAGE = YES_ERROR;
				CLANG_WARN_DOCUMENTATION_COMMENTS = YES;
				CLANG_WARN_EMPTY_BODY = YES;
				CLANG_WARN_ENUM_CONVERSION = YES;
				CLANG_WARN_INFINITE_RECURSION = YES;
				CLANG_WARN_INT_CONVERSION = YES;
				CLANG_WARN_NON_LITERAL_NULL_CONVERSION = YES;
				CLANG_WARN_OBJC_IMPLICIT_RETAIN_SELF = YES;
				CLANG_WARN_OBJC_LITERAL_CONVERSION = YES;
				CLANG_WARN_OBJC_ROOT_CLASS = YES_ERROR;
				CLANG_WARN_QUOTED_INCLUDE_IN_FRAMEWORK_HEADER = YES;
				CLANG_WARN_RANGE_LOOP_ANALYSIS = YES;
				CLANG_WARN_STRICT_PROTOTYPES = YES;
				CLANG_WARN_SUSPICIOUS_MOVE = YES;
				CLANG_WARN_UNGUARDED_AVAILABILITY = YES_AGGRESSIVE;
				CLANG_WARN_UNREACHABLE_CODE = YES;
				CLANG_WARN__DUPLICATE_METHOD_MATCH = YES;
				COPY_PHASE_STRIP = NO;
				DEBUG_INFORMATION_FORMAT = "dwarf-with-dsym";
				DEVELOPMENT_TEAM = Z87CXCTTK6;
				ENABLE_NS_ASSERTIONS = NO;
				ENABLE_STRICT_OBJC_MSGSEND = YES;
				ENABLE_USER_SCRIPT_SANDBOXING = YES;
				GCC_C_LANGUAGE_STANDARD = gnu17;
				GCC_NO_COMMON_BLOCKS = YES;
				GCC_WARN_64_TO_32_BIT_CONVERSION = YES;
				GCC_WARN_ABOUT_RETURN_TYPE = YES_ERROR;
				GCC_WARN_UNDECLARED_SELECTOR = YES;
				GCC_WARN_UNINITIALIZED_AUTOS = YES_AGGRESSIVE;
				GCC_WARN_UNUSED_FUNCTION = YES;
				GCC_WARN_UNUSED_VARIABLE = YES;
				IPHONEOS_DEPLOYMENT_TARGET = 26.1;
				LOCALIZATION_PREFERS_STRING_CATALOGS = YES;
				MTL_ENABLE_DEBUG_INFO = NO;
				MTL_FAST_MATH = YES;
				SDKROOT = iphoneos;
				SWIFT_COMPILATION_MODE = wholemodule;
				VALIDATE_PRODUCT = YES;
			};
			name = Release;
		};
		330EBF572ED37CAB00648B22 /* Debug */ = {
			isa = XCBuildConfiguration;
			buildSettings = {
				ASSETCATALOG_COMPILER_APPICON_NAME = AppIcon;
				ASSETCATALOG_COMPILER_GLOBAL_ACCENT_COLOR_NAME = AccentColor;
				CODE_SIGN_STYLE = Automatic;
				CURRENT_PROJECT_VERSION = 1;
				DEVELOPMENT_TEAM = Z87CXCTTK6;
				ENABLE_PREVIEWS = YES;
				GENERATE_INFOPLIST_FILE = YES;
				INFOPLIST_KEY_UIApplicationSceneManifest_Generation = YES;
				INFOPLIST_KEY_UIApplicationSupportsIndirectInputEvents = YES;
				INFOPLIST_KEY_UILaunchScreen_Generation = YES;
				INFOPLIST_KEY_UISupportedInterfaceOrientations_iPad = "UIInterfaceOrientationPortrait UIInterfaceOrientationPortraitUpsideDown UIInterfaceOrientationLandscapeLeft UIInterfaceOrientationLandscapeRight";
				INFOPLIST_KEY_UISupportedInterfaceOrientations_iPhone = "UIInterfaceOrientationPortrait UIInterfaceOrientationLandscapeLeft UIInterfaceOrientationLandscapeRight";
				LD_RUNPATH_SEARCH_PATHS = (
					"$(inherited)",
					"@executable_path/Frameworks",
				);
				MARKETING_VERSION = 1.0;
				PRODUCT_BUNDLE_IDENTIFIER = com.GroovyGears.ClastPlanetsTesting;
				PRODUCT_NAME = "$(TARGET_NAME)";
				STRING_CATALOG_GENERATE_SYMBOLS = YES;
				SWIFT_APPROACHABLE_CONCURRENCY = YES;
				SWIFT_DEFAULT_ACTOR_ISOLATION = MainActor;
				SWIFT_EMIT_LOC_STRINGS = YES;
				SWIFT_UPCOMING_FEATURE_MEMBER_IMPORT_VISIBILITY = YES;
				SWIFT_VERSION = 5.0;
				TARGETED_DEVICE_FAMILY = "1,2";
			};
			name = Debug;
		};
		330EBF582ED37CAB00648B22 /* Release */ = {
			isa = XCBuildConfiguration;
			buildSettings = {
				ASSETCATALOG_COMPILER_APPICON_NAME = AppIcon;
				ASSETCATALOG_COMPILER_GLOBAL_ACCENT_COLOR_NAME = AccentColor;
				CODE_SIGN_STYLE = Automatic;
				CURRENT_PROJECT_VERSION = 1;
				DEVELOPMENT_TEAM = Z87CXCTTK6;
				ENABLE_PREVIEWS = YES;
				GENERATE_INFOPLIST_FILE = YES;
				INFOPLIST_KEY_UIApplicationSceneManifest_Generation = YES;
				INFOPLIST_KEY_UIApplicationSupportsIndirectInputEvents = YES;
				INFOPLIST_KEY_UILaunchScreen_Generation = YES;
				INFOPLIST_KEY_UISupportedInterfaceOrientations_iPad = "UIInterfaceOrientationPortrait UIInterfaceOrientationPortraitUpsideDown UIInterfaceOrientationLandscapeLeft UIInterfaceOrientationLandscapeRight";
				INFOPLIST_KEY_UISupportedInterfaceOrientations_iPhone = "UIInterfaceOrientationPortrait UIInterfaceOrientationLandscapeLeft UIInterfaceOrientationLandscapeRight";
				LD_RUNPATH_SEARCH_PATHS = (
					"$(inherited)",
					"@executable_path/Frameworks",
				);
				MARKETING_VERSION = 1.0;
				PRODUCT_BUNDLE_IDENTIFIER = com.GroovyGears.ClastPlanetsTesting;
				PRODUCT_NAME = "$(TARGET_NAME)";
				STRING_CATALOG_GENERATE_SYMBOLS = YES;
				SWIFT_APPROACHABLE_CONCURRENCY = YES;
				SWIFT_DEFAULT_ACTOR_ISOLATION = MainActor;
				SWIFT_EMIT_LOC_STRINGS = YES;
				SWIFT_UPCOMING_FEATURE_MEMBER_IMPORT_VISIBILITY = YES;
				SWIFT_VERSION = 5.0;
				TARGETED_DEVICE_FAMILY = "1,2";
			};
			name = Release;
		};
		330EBF5A2ED37CAB00648B22 /* Debug */ = {
			isa = XCBuildConfiguration;
			buildSettings = {
				BUNDLE_LOADER = "$(TEST_HOST)";
				CODE_SIGN_STYLE = Automatic;
				CURRENT_PROJECT_VERSION = 1;
				DEVELOPMENT_TEAM = Z87CXCTTK6;
				GENERATE_INFOPLIST_FILE = YES;
				IPHONEOS_DEPLOYMENT_TARGET = 26.1;
				MARKETING_VERSION = 1.0;
				PRODUCT_BUNDLE_IDENTIFIER = com.GroovyGears.ClastPlanetsTestingTests;
				PRODUCT_NAME = "$(TARGET_NAME)";
				STRING_CATALOG_GENERATE_SYMBOLS = NO;
				SWIFT_APPROACHABLE_CONCURRENCY = YES;
				SWIFT_EMIT_LOC_STRINGS = NO;
				SWIFT_UPCOMING_FEATURE_MEMBER_IMPORT_VISIBILITY = YES;
				SWIFT_VERSION = 5.0;
				TARGETED_DEVICE_FAMILY = "1,2";
				TEST_HOST = "$(BUILT_PRODUCTS_DIR)/ClastPlanetsTesting.app/$(BUNDLE_EXECUTABLE_FOLDER_PATH)/ClastPlanetsTesting";
			};
			name = Debug;
		};
		330EBF5B2ED37CAB00648B22 /* Release */ = {
			isa = XCBuildConfiguration;
			buildSettings = {
				BUNDLE_LOADER = "$(TEST_HOST)";
				CODE_SIGN_STYLE = Automatic;
				CURRENT_PROJECT_VERSION = 1;
				DEVELOPMENT_TEAM = Z87CXCTTK6;
				GENERATE_INFOPLIST_FILE = YES;
				IPHONEOS_DEPLOYMENT_TARGET = 26.1;
				MARKETING_VERSION = 1.0;
				PRODUCT_BUNDLE_IDENTIFIER = com.GroovyGears.ClastPlanetsTestingTests;
				PRODUCT_NAME = "$(TARGET_NAME)";
				STRING_CATALOG_GENERATE_SYMBOLS = NO;
				SWIFT_APPROACHABLE_CONCURRENCY = YES;
				SWIFT_EMIT_LOC_STRINGS = NO;
				SWIFT_UPCOMING_FEATURE_MEMBER_IMPORT_VISIBILITY = YES;
				SWIFT_VERSION = 5.0;
				TARGETED_DEVICE_FAMILY = "1,2";
				TEST_HOST = "$(BUILT_PRODUCTS_DIR)/ClastPlanetsTesting.app/$(BUNDLE_EXECUTABLE_FOLDER_PATH)/ClastPlanetsTesting";
			};
			name = Release;
		};
		330EBF5D2ED37CAB00648B22 /* Debug */ = {
			isa = XCBuildConfiguration;
			buildSettings = {
				CODE_SIGN_STYLE = Automatic;
				CURRENT_PROJECT_VERSION = 1;
				DEVELOPMENT_TEAM = Z87CXCTTK6;
				GENERATE_INFOPLIST_FILE = YES;
				MARKETING_VERSION = 1.0;
				PRODUCT_BUNDLE_IDENTIFIER = com.GroovyGears.ClastPlanetsTestingUITests;
				PRODUCT_NAME = "$(TARGET_NAME)";
				STRING_CATALOG_GENERATE_SYMBOLS = NO;
				SWIFT_APPROACHABLE_CONCURRENCY = YES;
				SWIFT_EMIT_LOC_STRINGS = NO;
				SWIFT_UPCOMING_FEATURE_MEMBER_IMPORT_VISIBILITY = YES;
				SWIFT_VERSION = 5.0;
				TARGETED_DEVICE_FAMILY = "1,2";
				TEST_TARGET_NAME = ClastPlanetsTesting;
			};
			name = Debug;
		};
		330EBF5E2ED37CAB00648B22 /* Release */ = {
			isa = XCBuildConfiguration;
			buildSettings = {
				CODE_SIGN_STYLE = Automatic;
				CURRENT_PROJECT_VERSION = 1;
				DEVELOPMENT_TEAM = Z87CXCTTK6;
				GENERATE_INFOPLIST_FILE = YES;
				MARKETING_VERSION = 1.0;
				PRODUCT_BUNDLE_IDENTIFIER = com.GroovyGears.ClastPlanetsTestingUITests;
				PRODUCT_NAME = "$(TARGET_NAME)";
				STRING_CATALOG_GENERATE_SYMBOLS = NO;
				SWIFT_APPROACHABLE_CONCURRENCY = YES;
				SWIFT_EMIT_LOC_STRINGS = NO;
				SWIFT_UPCOMING_FEATURE_MEMBER_IMPORT_VISIBILITY = YES;
				SWIFT_VERSION = 5.0;
				TARGETED_DEVICE_FAMILY = "1,2";
				TEST_TARGET_NAME = ClastPlanetsTesting;
			};
			name = Release;
		};
/* End XCBuildConfiguration section */

/* Begin XCConfigurationList section */
		330EBF302ED37CA800648B22 /* Build configuration list for PBXProject "ClastPlanetsTesting" */ = {
			isa = XCConfigurationList;
			buildConfigurations = (
				330EBF542ED37CAB00648B22 /* Debug */,
				330EBF552ED37CAB00648B22 /* Release */,
			);
			defaultConfigurationIsVisible = 0;
			defaultConfigurationName = Release;
		};
		330EBF562ED37CAB00648B22 /* Build configuration list for PBXNativeTarget "ClastPlanetsTesting" */ = {
			isa = XCConfigurationList;
			buildConfigurations = (
				330EBF572ED37CAB00648B22 /* Debug */,
				330EBF582ED37CAB00648B22 /* Release */,
			);
			defaultConfigurationIsVisible = 0;
			defaultConfigurationName = Release;
		};
		330EBF592ED37CAB00648B22 /* Build configuration list for PBXNativeTarget "ClastPlanetsTestingTests" */ = {
			isa = XCConfigurationList;
			buildConfigurations = (
				330EBF5A2ED37CAB00648B22 /* Debug */,
				330EBF5B2ED37CAB00648B22 /* Release */,
			);
			defaultConfigurationIsVisible = 0;
			defaultConfigurationName = Release;
		};
		330EBF5C2ED37CAB00648B22 /* Build configuration list for PBXNativeTarget "ClastPlanetsTestingUITests" */ = {
			isa = XCConfigurationList;
			buildConfigurations = (
				330EBF5D2ED37CAB00648B22 /* Debug */,
				330EBF5E2ED37CAB00648B22 /* Release */,
			);
			defaultConfigurationIsVisible = 0;
			defaultConfigurationName = Release;
		};
/* End XCConfigurationList section */
	};
	rootObject = 330EBF2D2ED37CA800648B22 /* Project object */;
}
